
Microsoft Visual Studio Solution File, Format Version 12.00
# Visual Studio 15
VisualStudioVersion = 15.0.27130.2010
MinimumVisualStudioVersion = 10.0.40219.1
Project("{FAE04EC0-301F-11D3-BF4B-00C04F79EFBC}") = "ContosoUniversity", "ContosoUniversity\ContosoUniversity.csproj", "{FB264113-2D8B-47F2-AF9E-10F4978B563B}"
EndProject
Project("{FAE04EC0-301F-11D3-BF4B-00C04F79EFBC}") = "ContosoUniversity.Tests", "ContosoUniversity.Tests\ContosoUniversity.Tests.csproj", "{335934E0-AD87-4313-BF66-525DDD851854}"
EndProject
Global
	GlobalSection(SolutionConfigurationPlatforms) = preSolution
		Debug|Any CPU = Debug|Any CPU
		Release|Any CPU = Release|Any CPU
	EndGlobalSection
	GlobalSection(ProjectConfigurationPlatforms) = postSolution
		{FB264113-2D8B-47F2-AF9E-10F4978B563B}.Debug|Any CPU.ActiveCfg = Debug|Any CPU
		{FB264113-2D8B-47F2-AF9E-10F4978B563B}.Debug|Any CPU.Build.0 = Debug|Any CPU
		{FB264113-2D8B-47F2-AF9E-10F4978B563B}.Release|Any CPU.ActiveCfg = Release|Any CPU
		{FB264113-2D8B-47F2-AF9E-10F4978B563B}.Release|Any CPU.Build.0 = Release|Any CPU
		{335934E0-AD87-4313-BF66-525DDD851854}.Debug|Any CPU.ActiveCfg = Debug|Any CPU
		{335934E0-AD87-4313-BF66-525DDD851854}.Debug|Any CPU.Build.0 = Debug|Any CPU
		{335934E0-AD87-4313-BF66-525DDD851854}.Release|Any CPU.ActiveCfg = Release|Any CPU
		{335934E0-AD87-4313-BF66-525DDD851854}.Release|Any CPU.Build.0 = Release|Any CPU
	EndGlobalSection
	GlobalSection(SolutionProperties) = preSolution
		HideSolutionNode = FALSE
	EndGlobalSection
	GlobalSection(ExtensibilityGlobals) = postSolution
		SolutionGuid = {8E16DD2D-38E0-4E04-B91F-76A6D4D81D66}
	EndGlobalSection
EndGlobal
